// !$*UTF8*$!
{
	archiveVersion = 1;
	classes = {
	};
	objectVersion = 50;
	objects = {

/* Begin PBXBuildFile section */
		8D7591D521297E4000AFE530 /* AppDelegate.swift in Sources */ = {isa = PBXBuildFile; fileRef = 8D7591D421297E4000AFE530 /* AppDelegate.swift */; };
		8D7591D721297E4000AFE530 /* ViewController.swift in Sources */ = {isa = PBXBuildFile; fileRef = 8D7591D621297E4000AFE530 /* ViewController.swift */; };
		8D7591DA21297E4000AFE530 /* Main.storyboard in Resources */ = {isa = PBXBuildFile; fileRef = 8D7591D821297E4000AFE530 /* Main.storyboard */; };
		8D7591DC21297E4600AFE530 /* Assets.xcassets in Resources */ = {isa = PBXBuildFile; fileRef = 8D7591DB21297E4600AFE530 /* Assets.xcassets */; };
		8D7591DF21297E4600AFE530 /* LaunchScreen.storyboard in Resources */ = {isa = PBXBuildFile; fileRef = 8D7591DD21297E4600AFE530 /* LaunchScreen.storyboard */; };
		8D7591E721297E6900AFE530 /* Human.swift in Sources */ = {isa = PBXBuildFile; fileRef = 8D7591E621297E6900AFE530 /* Human.swift */; };
		8D7591E921297E8900AFE530 /* Woman.swift in Sources */ = {isa = PBXBuildFile; fileRef = 8D7591E821297E8900AFE530 /* Woman.swift */; };
		8D7591EB21297EA200AFE530 /* Man.swift in Sources */ = {isa = PBXBuildFile; fileRef = 8D7591EA21297EA200AFE530 /* Man.swift */; };
		8D7591ED2129916900AFE530 /* Creations.swift in Sources */ = {isa = PBXBuildFile; fileRef = 8D7591EC2129916900AFE530 /* Creations.swift */; };
/* End PBXBuildFile section */

/* Begin PBXFileReference section */
		8D7591D121297E3F00AFE530 /* Temp.app */ = {isa = PBXFileReference; explicitFileType = wrapper.application; includeInIndex = 0; path = Temp.app; sourceTree = BUILT_PRODUCTS_DIR; };
		8D7591D421297E4000AFE530 /* AppDelegate.swift */ = {isa = PBXFileReference; lastKnownFileType = sourcecode.swift; path = AppDelegate.swift; sourceTree = "<group>"; };
		8D7591D621297E4000AFE530 /* ViewController.swift */ = {isa = PBXFileReference; lastKnownFileType = sourcecode.swift; path = ViewController.swift; sourceTree = "<group>"; };
		8D7591D921297E4000AFE530 /* Base */ = {isa = PBXFileReference; lastKnownFileType = file.storyboard; name = Base; path = Base.lproj/Main.storyboard; sourceTree = "<group>"; };
		8D7591DB21297E4600AFE530 /* Assets.xcassets */ = {isa = PBXFileReference; lastKnownFileType = folder.assetcatalog; path = Assets.xcassets; sourceTree = "<group>"; };
		8D7591DE21297E4600AFE530 /* Base */ = {isa = PBXFileReference; lastKnownFileType = file.storyboard; name = Base; path = Base.lproj/LaunchScreen.storyboard; sourceTree = "<group>"; };
		8D7591E021297E4600AFE530 /* Info.plist */ = {isa = PBXFileReference; lastKnownFileType = text.plist.xml; path = Info.plist; sourceTree = "<group>"; };
		8D7591E621297E6900AFE530 /* Human.swift */ = {isa = PBXFileReference; lastKnownFileType = sourcecode.swift; path = Human.swift; sourceTree = "<group>"; };
		8D7591E821297E8900AFE530 /* Woman.swift */ = {isa = PBXFileReference; lastKnownFileType = sourcecode.swift; path = Woman.swift; sourceTree = "<group>"; };
		8D7591EA21297EA200AFE530 /* Man.swift */ = {isa = PBXFileReference; lastKnownFileType = sourcecode.swift; path = Man.swift; sourceTree = "<group>"; };
		8D7591EC2129916900AFE530 /* Creations.swift */ = {isa = PBXFileReference; lastKnownFileType = sourcecode.swift; path = Creations.swift; sourceTree = "<group>"; };
/* End PBXFileReference section */

/* Begin PBXFrameworksBuildPhase section */
		8D7591CE21297E3F00AFE530 /* Frameworks */ = {
			isa = PBXFrameworksBuildPhase;
			buildActionMask = 2147483647;
			files = (
			);
			runOnlyForDeploymentPostprocessing = 0;
		};
/* End PBXFrameworksBuildPhase section */

/* Begin PBXGroup section */
		8D7591C821297E3F00AFE530 = {
			isa = PBXGroup;
			children = (
				8D7591D321297E3F00AFE530 /* Temp */,
				8D7591D221297E3F00AFE530 /* Products */,
			);
			sourceTree = "<group>";
		};
		8D7591D221297E3F00AFE530 /* Products */ = {
			isa = PBXGroup;
			children = (
				8D7591D121297E3F00AFE530 /* Temp.app */,
			);
			name = Products;
			sourceTree = "<group>";
		};
		8D7591D321297E3F00AFE530 /* Temp */ = {
			isa = PBXGroup;
			children = (
				8D7591D421297E4000AFE530 /* AppDelegate.swift */,
				8D7591D621297E4000AFE530 /* ViewController.swift */,
				8D7591D821297E4000AFE530 /* Main.storyboard */,
				8D7591DB21297E4600AFE530 /* Assets.xcassets */,
				8D7591DD21297E4600AFE530 /* LaunchScreen.storyboard */,
				8D7591E021297E4600AFE530 /* Info.plist */,
				8D7591E621297E6900AFE530 /* Human.swift */,
				8D7591E821297E8900AFE530 /* Woman.swift */,
				8D7591EA21297EA200AFE530 /* Man.swift */,
				8D7591EC2129916900AFE530 /* Creations.swift */,
			);
			path = Temp;
			sourceTree = "<group>";
		};
/* End PBXGroup section */

/* Begin PBXNativeTarget section */
		8D7591D021297E3F00AFE530 /* Temp */ = {
			isa = PBXNativeTarget;
			buildConfigurationList = 8D7591E321297E4600AFE530 /* Build configuration list for PBXNativeTarget "Temp" */;
			buildPhases = (
				8D7591CD21297E3F00AFE530 /* Sources */,
				8D7591CE21297E3F00AFE530 /* Frameworks */,
				8D7591CF21297E3F00AFE530 /* Resources */,
			);
			buildRules = (
			);
			dependencies = (
			);
			name = Temp;
			productName = Temp;
			productReference = 8D7591D121297E3F00AFE530 /* Temp.app */;
			productType = "com.apple.product-type.application";
		};
/* End PBXNativeTarget section */

/* Begin PBXProject section */
		8D7591C921297E3F00AFE530 /* Project object */ = {
			isa = PBXProject;
			attributes = {
				LastSwiftUpdateCheck = 0940;
				LastUpgradeCheck = 0940;
				ORGANIZATIONNAME = "Fausto Checa";
				TargetAttributes = {
					8D7591D021297E3F00AFE530 = {
						CreatedOnToolsVersion = 9.4.1;
					};
				};
			};
			buildConfigurationList = 8D7591CC21297E3F00AFE530 /* Build configuration list for PBXProject "Temp" */;
			compatibilityVersion = "Xcode 9.3";
			developmentRegion = en;
			hasScannedForEncodings = 0;
			knownRegions = (
				en,
				Base,
			);
			mainGroup = 8D7591C821297E3F00AFE530;
			productRefGroup = 8D7591D221297E3F00AFE530 /* Products */;
			projectDirPath = "";
			projectRoot = "";
			targets = (
				8D7591D021297E3F00AFE530 /* Temp */,
			);
		};
/* End PBXProject section */

/* Begin PBXResourcesBuildPhase section */
		8D7591CF21297E3F00AFE530 /* Resources */ = {
			isa = PBXResourcesBuildPhase;
			buildActionMask = 2147483647;
			files = (
				8D7591DF21297E4600AFE530 /* LaunchScreen.storyboard in Resources */,
				8D7591DC21297E4600AFE530 /* Assets.xcassets in Resources */,
				8D7591DA21297E4000AFE530 /* Main.storyboard in Resources */,
			);
			runOnlyForDeploymentPostprocessing = 0;
		};
/* End PBXResourcesBuildPhase section */

/* Begin PBXSourcesBuildPhase section */
		8D7591CD21297E3F00AFE530 /* Sources */ = {
			isa = PBXSourcesBuildPhase;
			buildActionMask = 2147483647;
			files = (
				8D7591ED2129916900AFE530 /* Creations.swift in Sources */,
				8D7591EB21297EA200AFE530 /* Man.swift in Sources */,
				8D7591E921297E8900AFE530 /* Woman.swift in Sources */,
				8D7591D721297E4000AFE530 /* ViewController.swift in Sources */,
				8D7591E721297E6900AFE530 /* Human.swift in Sources */,
				8D7591D521297E4000AFE530 /* AppDelegate.swift in Sources */,
			);
			runOnlyForDeploymentPostprocessing = 0;
		};
/* End PBXSourcesBuildPhase section */

/* Begin PBXVariantGroup section */
		8D7591D821297E4000AFE530 /* Main.storyboard */ = {
			isa = PBXVariantGroup;
			children = (
				8D7591D921297E4000AFE530 /* Base */,
			);
			name = Main.storyboard;
			sourceTree = "<group>";
		};
		8D7591DD21297E4600AFE530 /* LaunchScreen.storyboard */ = {
			isa = PBXVariantGroup;
			children = (
				8D7591DE21297E4600AFE530 /* Base */,
			);
			name = LaunchScreen.storyboard;
			sourceTree = "<group>";
		};
/* End PBXVariantGroup section */

/* Begin XCBuildConfiguration section */
		8D7591E121297E4600AFE530 /* Debug */ = {
			isa = XCBuildConfiguration;
			buildSettings = {
				ALWAYS_SEARCH_USER_PATHS = NO;
				CLANG_ANALYZER_NONNULL = YES;
				CLANG_ANALYZER_NUMBER_OBJECT_CONVERSION = YES_AGGRESSIVE;
				CLANG_CXX_LANGUAGE_STANDARD = "gnu++14";
				CLANG_CXX_LIBRARY = "libc++";
				CLANG_ENABLE_MODULES = YES;
				CLANG_ENABLE_OBJC_ARC = YES;
				CLANG_ENABLE_OBJC_WEAK = YES;
				CLANG_WARN_BLOCK_CAPTURE_AUTORELEASING = YES;
				CLANG_WARN_BOOL_CONVERSION = YES;
				CLANG_WARN_COMMA = YES;
				CLANG_WARN_CONSTANT_CONVERSION = YES;
				CLANG_WARN_DEPRECATED_OBJC_IMPLEMENTATIONS = YES;
				CLANG_WARN_DIRECT_OBJC_ISA_USAGE = YES_ERROR;
				CLANG_WARN_DOCUMENTATION_COMMENTS = YES;
				CLANG_WARN_EMPTY_BODY = YES;
				CLANG_WARN_ENUM_CONVERSION = YES;
				CLANG_WARN_INFINITE_RECURSION = YES;
				CLANG_WARN_INT_CONVERSION = YES;
				CLANG_WARN_NON_LITERAL_NULL_CONVERSION = YES;
				CLANG_WARN_OBJC_IMPLICIT_RETAIN_SELF = YES;
				CLANG_WARN_OBJC_LITERAL_CONVERSION = YES;
				CLANG_WARN_OBJC_ROOT_CLASS = YES_ERROR;
				CLANG_WARN_RANGE_LOOP_ANALYSIS = YES;
				CLANG_WARN_STRICT_PROTOTYPES = YES;
				CLANG_WARN_SUSPICIOUS_MOVE = YES;
				CLANG_WARN_UNGUARDED_AVAILABILITY = YES_AGGRESSIVE;
				CLANG_WARN_UNREACHABLE_CODE = YES;
				CLANG_WARN__DUPLICATE_METHOD_MATCH = YES;
				CODE_SIGN_IDENTITY = "iPhone Developer";
				COPY_PHASE_STRIP = NO;
				DEBUG_INFORMATION_FORMAT = dwarf;
				ENABLE_STRICT_OBJC_MSGSEND = YES;
				ENABLE_TESTABILITY = YES;
				GCC_C_LANGUAGE_STANDARD = gnu11;
				GCC_DYNAMIC_NO_PIC = NO;
				GCC_NO_COMMON_BLOCKS = YES;
				GCC_OPTIMIZATION_LEVEL = 0;
				GCC_PREPROCESSOR_DEFINITIONS = (
					"DEBUG=1",
					"$(inherited)",
				);
				GCC_WARN_64_TO_32_BIT_CONVERSION = YES;
				GCC_WARN_ABOUT_RETURN_TYPE = YES_ERROR;
				GCC_WARN_UNDECLARED_SELECTOR = YES;
				GCC_WARN_UNINITIALIZED_AUTOS = YES_AGGRESSIVE;
				GCC_WARN_UNUSED_FUNCTION = YES;
				GCC_WARN_UNUSED_VARIABLE = YES;
				IPHONEOS_DEPLOYMENT_TARGET = 11.4;
				MTL_ENABLE_DEBUG_INFO = YES;
				ONLY_ACTIVE_ARCH = YES;
				SDKROOT = iphoneos;
				SWIFT_ACTIVE_COMPILATION_CONDITIONS = DEBUG;
				SWIFT_OPTIMIZATION_LEVEL = "-Onone";
			};
			name = Debug;
		};
		8D7591E221297E4600AFE530 /* Release */ = {
			isa = XCBuildConfiguration;
			buildSettings = {
				ALWAYS_SEARCH_USER_PATHS = NO;
				CLANG_ANALYZER_NONNULL = YES;
				CLANG_ANALYZER_NUMBER_OBJECT_CONVERSION = YES_AGGRESSIVE;
				CLANG_CXX_LANGUAGE_STANDARD = "gnu++14";
				CLANG_CXX_LIBRARY = "libc++";
				CLANG_ENABLE_MODULES = YES;
				CLANG_ENABLE_OBJC_ARC = YES;
				CLANG_ENABLE_OBJC_WEAK = YES;
				CLANG_WARN_BLOCK_CAPTURE_AUTORELEASING = YES;
				CLANG_WARN_BOOL_CONVERSION = YES;
				CLANG_WARN_COMMA = YES;
				CLANG_WARN_CONSTANT_CONVERSION = YES;
				CLANG_WARN_DEPRECATED_OBJC_IMPLEMENTATIONS = YES;
				CLANG_WARN_DIRECT_OBJC_ISA_USAGE = YES_ERROR;
				CLANG_WARN_DOCUMENTATION_COMMENTS = YES;
				CLANG_WARN_EMPTY_BODY = YES;
				CLANG_WARN_ENUM_CONVERSION = YES;
				CLANG_WARN_INFINITE_RECURSION = YES;
				CLANG_WARN_INT_CONVERSION = YES;
				CLANG_WARN_NON_LITERAL_NULL_CONVERSION = YES;
				CLANG_WARN_OBJC_IMPLICIT_RETAIN_SELF = YES;
				CLANG_WARN_OBJC_LITERAL_CONVERSION = YES;
				CLANG_WARN_OBJC_ROOT_CLASS = YES_ERROR;
				CLANG_WARN_RANGE_LOOP_ANALYSIS = YES;
				CLANG_WARN_STRICT_PROTOTYPES = YES;
				CLANG_WARN_SUSPICIOUS_MOVE = YES;
				CLANG_WARN_UNGUARDED_AVAILABILITY = YES_AGGRESSIVE;
				CLANG_WARN_UNREACHABLE_CODE = YES;
				CLANG_WARN__DUPLICATE_METHOD_MATCH = YES;
				CODE_SIGN_IDENTITY = "iPhone Developer";
				COPY_PHASE_STRIP = NO;
				DEBUG_INFORMATION_FORMAT = "dwarf-with-dsym";
				ENABLE_NS_ASSERTIONS = NO;
				ENABLE_STRICT_OBJC_MSGSEND = YES;
				GCC_C_LANGUAGE_STANDARD = gnu11;
				GCC_NO_COMMON_BLOCKS = YES;
				GCC_WARN_64_TO_32_BIT_CONVERSION = YES;
				GCC_WARN_ABOUT_RETURN_TYPE = YES_ERROR;
				GCC_WARN_UNDECLARED_SELECTOR = YES;
				GCC_WARN_UNINITIALIZED_AUTOS = YES_AGGRESSIVE;
				GCC_WARN_UNUSED_FUNCTION = YES;
				GCC_WARN_UNUSED_VARIABLE = YES;
				IPHONEOS_DEPLOYMENT_TARGET = 11.4;
				MTL_ENABLE_DEBUG_INFO = NO;
				SDKROOT = iphoneos;
				SWIFT_COMPILATION_MODE = wholemodule;
				SWIFT_OPTIMIZATION_LEVEL = "-O";
				VALIDATE_PRODUCT = YES;
			};
			name = Release;
		};
		8D7591E421297E4600AFE530 /* Debug */ = {
			isa = XCBuildConfiguration;
			buildSettings = {
				ASSETCATALOG_COMPILER_APPICON_NAME = AppIcon;
				CODE_SIGN_STYLE = Automatic;
				DEVELOPMENT_TEAM = 57YEC9YEM8;
				INFOPLIST_FILE = Temp/Info.plist;
				LD_RUNPATH_SEARCH_PATHS = (
					"$(inherited)",
					"@executable_path/Frameworks",
				);
				PRODUCT_BUNDLE_IDENTIFIER = com.fausto.ch.Temp;
				PRODUCT_NAME = "$(TARGET_NAME)";
				SWIFT_VERSION = 4.0;
				TARGETED_DEVICE_FAMILY = "1,2";
			};
			name = Debug;
		};
		8D7591E521297E4600AFE530 /* Release */ = {
			isa = XCBuildConfiguration;
			buildSettings = {
				ASSETCATALOG_COMPILER_APPICON_NAME = AppIcon;
				CODE_SIGN_STYLE = Automatic;
				DEVELOPMENT_TEAM = 57YEC9YEM8;
				INFOPLIST_FILE = Temp/Info.plist;
				LD_RUNPATH_SEARCH_PATHS = (
					"$(inherited)",
					"@executable_path/Frameworks",
				);
				PRODUCT_BUNDLE_IDENTIFIER = com.fausto.ch.Temp;
				PRODUCT_NAME = "$(TARGET_NAME)";
				SWIFT_VERSION = 4.0;
				TARGETED_DEVICE_FAMILY = "1,2";
			};
			name = Release;
		};
/* End XCBuildConfiguration section */

/* Begin XCConfigurationList section */
		8D7591CC21297E3F00AFE530 /* Build configuration list for PBXProject "Temp" */ = {
			isa = XCConfigurationList;
			buildConfigurations = (
				8D7591E121297E4600AFE530 /* Debug */,
				8D7591E221297E4600AFE530 /* Release */,
			);
			defaultConfigurationIsVisible = 0;
			defaultConfigurationName = Release;
		};
		8D7591E321297E4600AFE530 /* Build configuration list for PBXNativeTarget "Temp" */ = {
			isa = XCConfigurationList;
			buildConfigurations = (
				8D7591E421297E4600AFE530 /* Debug */,
				8D7591E521297E4600AFE530 /* Release */,
			);
			defaultConfigurationIsVisible = 0;
			defaultConfigurationName = Release;
		};
/* End XCConfigurationList section */
	};
	rootObject = 8D7591C921297E3F00AFE530 /* Project object */;
}
